# This file was autogenerated by Stack.
# You should not edit this file by hand.
# For more information, please see the documentation at:
#   https://docs.haskellstack.org/en/stable/lock_files

packages: []
snapshots:
- completed:
    size: 535698
    url: https://raw.githubusercontent.com/commercialhaskell/stackage-snapshots/master/lts/9/16.yaml
    sha256: 90aa0cbd2f58c05d42e9a1309d2e51d3763150bc331e93732f7db4c1b40f44ce
  original: lts-9.16
