{"1.2.0",
[{<<"erlang_color">>,{pkg,<<"erlang_color">>,<<"1.0.0">>},1},
 {<<"lfe">>,{pkg,<<"lfe">>,<<"2.1.2">>},0},
 {<<"ltest">>,{pkg,<<"ltest">>,<<"0.13.5">>},0}]}.
[
{pkg_hash,[
 {<<"erlang_color">>, <<"145FE1D2E65C4516E4F03FEFCA6C2F47EBAD5899D978D70382A5CFE643E4AC9E">>},
 {<<"lfe">>, <<"9A14B5056761C63EEA5A3040E0FD1A326276CFE40F3B952E7305FED45341BF6F">>},
 {<<"ltest">>, <<"BE2F9322D570554B4FC2C268E07797349AA7B160479004AF1128E526682476A7">>}]},
{pkg_hash_ext,[
 {<<"erlang_color">>, <<"6B17E5E589C8FEF540574C9EA32B67CEC2C8A44283AAFE474D6E5818FB3EE038">>},
 {<<"lfe">>, <<"E717466A203711FDF47A2E2144990EDB52B207D40F6D6168BADD05F76EEC04AD">>},
 {<<"ltest">>, <<"26E435CD98C981C232477E188CCE78F5CB2A58094C631794A99582C85BBCF028">>}]}
].
